
Microsoft Visual Studio Solution File, Format Version 12.00
# Visual Studio Version 16
VisualStudioVersion = 16.0.29905.134
MinimumVisualStudioVersion = 10.0.40219.1
Project("{FAE04EC0-301F-11D3-BF4B-00C04F79EFBC}") = "DerekBanas12", "DerekBanas12\DerekBanas12.csproj", "{DDB819D7-4F99-4108-A031-5CB33A2D0F4F}"
EndProject
Global
	GlobalSection(SolutionConfigurationPlatforms) = preSolution
		Debug|Any CPU = Debug|Any CPU
		Release|Any CPU = Release|Any CPU
	EndGlobalSection
	GlobalSection(ProjectConfigurationPlatforms) = postSolution
		{DDB819D7-4F99-4108-A031-5CB33A2D0F4F}.Debug|Any CPU.ActiveCfg = Debug|Any CPU
		{DDB819D7-4F99-4108-A031-5CB33A2D0F4F}.Debug|Any CPU.Build.0 = Debug|Any CPU
		{DDB819D7-4F99-4108-A031-5CB33A2D0F4F}.Release|Any CPU.ActiveCfg = Release|Any CPU
		{DDB819D7-4F99-4108-A031-5CB33A2D0F4F}.Release|Any CPU.Build.0 = Release|Any CPU
	EndGlobalSection
	GlobalSection(SolutionProperties) = preSolution
		HideSolutionNode = FALSE
	EndGlobalSection
	GlobalSection(ExtensibilityGlobals) = postSolution
		SolutionGuid = {8DF4378C-6453-4F88-A365-2C0AFE2DC1E6}
	EndGlobalSection
EndGlobal
